<?xml version="1.0" encoding="utf-8"?>
<Project ToolsVersion="4.0" xmlns="http://schemas.microsoft.com/developer/msbuild/2003">
  <ItemGroup>
    <Natvis Include="NatvisFile.natvis" />
  </ItemGroup>
  <ItemGroup>
    <Filter Include="mqusd">
      <UniqueIdentifier>{d83e2cdf-c30e-4d27-9651-2f531b7a074f}</UniqueIdentifier>
    </Filter>
    <Filter Include="mqusd\ABCRecorder">
      <UniqueIdentifier>{72a7454e-eba1-4219-9126-166863ed9a90}</UniqueIdentifier>
    </Filter>
  </ItemGroup>
  <ItemGroup>
    <ClInclude Include="mqusd\pch.h">
      <Filter>mqusd</Filter>
    </ClInclude>
    <ClInclude Include="mqusd\mqusd.h">
      <Filter>mqusd</Filter>
    </ClInclude>
    <ClInclude Include="mqusd\ABCRecorder\mqabcRecorderPlugin.h">
      <Filter>mqusd\ABCRecorder</Filter>
    </ClInclude>
    <ClInclude Include="mqusd\ABCRecorder\mqabcRecorderWindow.h">
      <Filter>mqusd\ABCRecorder</Filter>
    </ClInclude>
  </ItemGroup>
  <ItemGroup>
    <ClCompile Include="mqusd\pch.cpp">
      <Filter>mqusd</Filter>
    </ClCompile>
    <ClCompile Include="mqusd\ABCRecorder\mqabcRecorderPlugin.cpp">
      <Filter>mqusd\ABCRecorder</Filter>
    </ClCompile>
    <ClCompile Include="mqusd\ABCRecorder\mqabcRecorderWindow.cpp">
      <Filter>mqusd\ABCRecorder</Filter>
    </ClCompile>
  </ItemGroup>
</Project>