<?xml version="1.0" encoding="utf-8"?>
<Project ToolsVersion="4.0" xmlns="http://schemas.microsoft.com/developer/msbuild/2003">
  <ItemGroup>
    <Natvis Include="NatvisFile.natvis" />
  </ItemGroup>
  <ItemGroup>
    <Filter Include="mqusd">
      <UniqueIdentifier>{d83e2cdf-c30e-4d27-9651-2f531b7a074f}</UniqueIdentifier>
    </Filter>
    <Filter Include="mqusd\USDCore">
      <UniqueIdentifier>{6daec82e-4e28-4df5-8147-e984c93d041d}</UniqueIdentifier>
    </Filter>
  </ItemGroup>
  <ItemGroup>
    <ClInclude Include="mqusd\pch.h">
      <Filter>mqusd</Filter>
    </ClInclude>
    <ClInclude Include="mqusd\mqusd.h">
      <Filter>mqusd</Filter>
    </ClInclude>
    <ClInclude Include="mqusd\USDCore\mqusdCore.h">
      <Filter>mqusd\USDCore</Filter>
    </ClInclude>
    <ClInclude Include="mqusd\USDCore\mqusdSceneGraphUSD.h">
      <Filter>mqusd\USDCore</Filter>
    </ClInclude>
  </ItemGroup>
  <ItemGroup>
    <ClCompile Include="mqusd\pch.cpp">
      <Filter>mqusd</Filter>
    </ClCompile>
    <ClCompile Include="mqusd\USDCore\mqusdSceneGraphUSD.cpp">
      <Filter>mqusd\USDCore</Filter>
    </ClCompile>
  </ItemGroup>
</Project>