<?xml version="1.0" encoding="utf-8"?>
<Project ToolsVersion="4.0" xmlns="http://schemas.microsoft.com/developer/msbuild/2003">
  <ItemGroup>
    <Natvis Include="NatvisFile.natvis" />
  </ItemGroup>
  <ItemGroup>
    <Filter Include="mqusd">
      <UniqueIdentifier>{d83e2cdf-c30e-4d27-9651-2f531b7a074f}</UniqueIdentifier>
    </Filter>
    <Filter Include="mqusd\Core">
      <UniqueIdentifier>{d6b5170e-1921-4b88-bd0a-7de0fcfaff97}</UniqueIdentifier>
    </Filter>
  </ItemGroup>
  <ItemGroup>
    <ClInclude Include="mqusd\pch.h">
      <Filter>mqusd</Filter>
    </ClInclude>
  </ItemGroup>
  <ItemGroup>
    <ClCompile Include="mqusd\pch.cpp">
      <Filter>mqusd</Filter>
    </ClCompile>
    <ClCompile Include="mqusd\Core\mqusdCoreExe.cpp">
      <Filter>mqusd\Core</Filter>
    </ClCompile>
  </ItemGroup>
</Project>