
Microsoft Visual Studio Solution File, Format Version 12.00
# Visual Studio Version 16
VisualStudioVersion = 16.0.29806.167
MinimumVisualStudioVersion = 10.0.40219.1
Project("{8BC9CEB8-8B4A-11D0-8D11-00A0C91BC942}") = "setup", "setup.vcxproj", "{1C5DE91B-7AE9-4304-9FA1-0DE1ABA8C02D}"
EndProject
Project("{2150E333-8FDC-42A3-9474-1A3956D46DE8}") = "Test", "Test", "{AAD53A7B-FD50-4BD1-AD91-DA5B31BD928A}"
EndProject
Project("{8BC9CEB8-8B4A-11D0-8D11-00A0C91BC942}") = "Test", "Test\Test.vcxproj", "{11990C37-1C63-418F-9AB1-74076C470584}"
EndProject
Project("{8BC9CEB8-8B4A-11D0-8D11-00A0C91BC942}") = "SceneGraph", "SceneGraph\SceneGraph.vcxproj", "{0945D37C-F1F1-4B88-B738-85816E37D9AF}"
EndProject
Project("{8BC9CEB8-8B4A-11D0-8D11-00A0C91BC942}") = "SceneGraphABC", "SceneGraph\ABC\SceneGraphABC.vcxproj", "{6F1F478F-29EE-46F0-8AB1-75E5B77CA021}"
EndProject
Project("{8BC9CEB8-8B4A-11D0-8D11-00A0C91BC942}") = "SceneGraphUSD", "SceneGraph\USD\SceneGraphUSD.vcxproj", "{02D2E77E-C1D5-44E0-84E7-1AC84188DDD1}"
EndProject
Project("{8BC9CEB8-8B4A-11D0-8D11-00A0C91BC942}") = "SceneGraphUSDExe", "SceneGraph\USD\SceneGraphUSDExe.vcxproj", "{3663D849-3893-4D6E-8714-86C23946E448}"
EndProject
Project("{8BC9CEB8-8B4A-11D0-8D11-00A0C91BC942}") = "MeshUtils", "MeshUtils\MeshUtils.vcxproj", "{FD3FE1FF-ABE5-40DB-B867-144E9DD9B23C}"
EndProject
Project("{2150E333-8FDC-42A3-9474-1A3956D46DE8}") = "Plugins", "Plugins", "{9690B35A-E676-4F27-A6DB-27F20F55E855}"
EndProject
Project("{8BC9CEB8-8B4A-11D0-8D11-00A0C91BC942}") = "mqsdk", "Plugins\mqsdk\mqsdk.vcxproj", "{D28511E8-4687-434E-8C18-C23FE683AF2F}"
EndProject
Project("{8BC9CEB8-8B4A-11D0-8D11-00A0C91BC942}") = "mqabc", "Plugins\mqabc\mqabc.vcxproj", "{B25F40AC-A6B2-4C76-B527-8CBFCE605CFE}"
EndProject
Project("{8BC9CEB8-8B4A-11D0-8D11-00A0C91BC942}") = "mqusd", "Plugins\mqusd\mqusd.vcxproj", "{3FA68C2A-FEC2-41EF-AD7E-82A43F683EBC}"
EndProject
Project("{8BC9CEB8-8B4A-11D0-8D11-00A0C91BC942}") = "mqCommon", "Plugins\mqCommon\mqCommon.vcxproj", "{B970A73A-2B06-41AD-8870-266153E82D21}"
EndProject
Project("{2150E333-8FDC-42A3-9474-1A3956D46DE8}") = "Foundation", "Foundation", "{F9C7A539-67B2-4AD9-977B-1A524E1EBB71}"
EndProject
Project("{8BC9CEB8-8B4A-11D0-8D11-00A0C91BC942}") = "mudbg", "MeshUtils\mudbg\mudbg.vcxproj", "{849196DF-ED2A-4AB0-8EFE-1A7320127363}"
EndProject
Project("{8BC9CEB8-8B4A-11D0-8D11-00A0C91BC942}") = "mqusdImport", "Plugins\mqusdImport\mqusdImport.vcxproj", "{75538242-3D88-4ADC-92C1-AD5B1FDC07DC}"
EndProject
Project("{8BC9CEB8-8B4A-11D0-8D11-00A0C91BC942}") = "mqusdExport", "Plugins\mqusdExport\mqusdExport.vcxproj", "{E392E1C7-4846-423D-8FB5-6F2D790B62CB}"
EndProject
Global
	GlobalSection(SolutionConfigurationPlatforms) = preSolution
		Debug|Win32 = Debug|Win32
		Debug|x64 = Debug|x64
		Release|Win32 = Release|Win32
		Release|x64 = Release|x64
	EndGlobalSection
	GlobalSection(ProjectConfigurationPlatforms) = postSolution
		{1C5DE91B-7AE9-4304-9FA1-0DE1ABA8C02D}.Debug|Win32.ActiveCfg = Release|x64
		{1C5DE91B-7AE9-4304-9FA1-0DE1ABA8C02D}.Debug|Win32.Build.0 = Release|x64
		{1C5DE91B-7AE9-4304-9FA1-0DE1ABA8C02D}.Debug|Win32.Deploy.0 = Release|x64
		{1C5DE91B-7AE9-4304-9FA1-0DE1ABA8C02D}.Debug|x64.ActiveCfg = Release|x64
		{1C5DE91B-7AE9-4304-9FA1-0DE1ABA8C02D}.Debug|x64.Build.0 = Release|x64
		{1C5DE91B-7AE9-4304-9FA1-0DE1ABA8C02D}.Debug|x64.Deploy.0 = Release|x64
		{1C5DE91B-7AE9-4304-9FA1-0DE1ABA8C02D}.Release|Win32.ActiveCfg = Release|x64
		{1C5DE91B-7AE9-4304-9FA1-0DE1ABA8C02D}.Release|x64.ActiveCfg = Release|x64
		{1C5DE91B-7AE9-4304-9FA1-0DE1ABA8C02D}.Release|x64.Build.0 = Release|x64
		{11990C37-1C63-418F-9AB1-74076C470584}.Debug|Win32.ActiveCfg = Debug|x64
		{11990C37-1C63-418F-9AB1-74076C470584}.Debug|x64.ActiveCfg = Debug|x64
		{11990C37-1C63-418F-9AB1-74076C470584}.Debug|x64.Build.0 = Debug|x64
		{11990C37-1C63-418F-9AB1-74076C470584}.Release|Win32.ActiveCfg = Release|x64
		{11990C37-1C63-418F-9AB1-74076C470584}.Release|x64.ActiveCfg = Release|x64
		{11990C37-1C63-418F-9AB1-74076C470584}.Release|x64.Build.0 = Release|x64
		{0945D37C-F1F1-4B88-B738-85816E37D9AF}.Debug|Win32.ActiveCfg = Debug|Win32
		{0945D37C-F1F1-4B88-B738-85816E37D9AF}.Debug|Win32.Build.0 = Debug|Win32
		{0945D37C-F1F1-4B88-B738-85816E37D9AF}.Debug|x64.ActiveCfg = Debug|x64
		{0945D37C-F1F1-4B88-B738-85816E37D9AF}.Debug|x64.Build.0 = Debug|x64
		{0945D37C-F1F1-4B88-B738-85816E37D9AF}.Release|Win32.ActiveCfg = Release|Win32
		{0945D37C-F1F1-4B88-B738-85816E37D9AF}.Release|Win32.Build.0 = Release|Win32
		{0945D37C-F1F1-4B88-B738-85816E37D9AF}.Release|x64.ActiveCfg = Release|x64
		{0945D37C-F1F1-4B88-B738-85816E37D9AF}.Release|x64.Build.0 = Release|x64
		{6F1F478F-29EE-46F0-8AB1-75E5B77CA021}.Debug|Win32.ActiveCfg = Debug|Win32
		{6F1F478F-29EE-46F0-8AB1-75E5B77CA021}.Debug|Win32.Build.0 = Debug|Win32
		{6F1F478F-29EE-46F0-8AB1-75E5B77CA021}.Debug|x64.ActiveCfg = Debug|x64
		{6F1F478F-29EE-46F0-8AB1-75E5B77CA021}.Debug|x64.Build.0 = Debug|x64
		{6F1F478F-29EE-46F0-8AB1-75E5B77CA021}.Release|Win32.ActiveCfg = Release|Win32
		{6F1F478F-29EE-46F0-8AB1-75E5B77CA021}.Release|Win32.Build.0 = Release|Win32
		{6F1F478F-29EE-46F0-8AB1-75E5B77CA021}.Release|x64.ActiveCfg = Release|x64
		{6F1F478F-29EE-46F0-8AB1-75E5B77CA021}.Release|x64.Build.0 = Release|x64
		{02D2E77E-C1D5-44E0-84E7-1AC84188DDD1}.Debug|Win32.ActiveCfg = Debug|x64
		{02D2E77E-C1D5-44E0-84E7-1AC84188DDD1}.Debug|x64.ActiveCfg = Debug|x64
		{02D2E77E-C1D5-44E0-84E7-1AC84188DDD1}.Debug|x64.Build.0 = Debug|x64
		{02D2E77E-C1D5-44E0-84E7-1AC84188DDD1}.Release|Win32.ActiveCfg = Release|x64
		{02D2E77E-C1D5-44E0-84E7-1AC84188DDD1}.Release|x64.ActiveCfg = Release|x64
		{02D2E77E-C1D5-44E0-84E7-1AC84188DDD1}.Release|x64.Build.0 = Release|x64
		{3663D849-3893-4D6E-8714-86C23946E448}.Debug|Win32.ActiveCfg = Debug|x64
		{3663D849-3893-4D6E-8714-86C23946E448}.Debug|x64.ActiveCfg = Debug|x64
		{3663D849-3893-4D6E-8714-86C23946E448}.Debug|x64.Build.0 = Debug|x64
		{3663D849-3893-4D6E-8714-86C23946E448}.Release|Win32.ActiveCfg = Release|x64
		{3663D849-3893-4D6E-8714-86C23946E448}.Release|x64.ActiveCfg = Release|x64
		{3663D849-3893-4D6E-8714-86C23946E448}.Release|x64.Build.0 = Release|x64
		{FD3FE1FF-ABE5-40DB-B867-144E9DD9B23C}.Debug|Win32.ActiveCfg = Debug|Win32
		{FD3FE1FF-ABE5-40DB-B867-144E9DD9B23C}.Debug|Win32.Build.0 = Debug|Win32
		{FD3FE1FF-ABE5-40DB-B867-144E9DD9B23C}.Debug|x64.ActiveCfg = Debug|x64
		{FD3FE1FF-ABE5-40DB-B867-144E9DD9B23C}.Debug|x64.Build.0 = Debug|x64
		{FD3FE1FF-ABE5-40DB-B867-144E9DD9B23C}.Release|Win32.ActiveCfg = Release|Win32
		{FD3FE1FF-ABE5-40DB-B867-144E9DD9B23C}.Release|Win32.Build.0 = Release|Win32
		{FD3FE1FF-ABE5-40DB-B867-144E9DD9B23C}.Release|x64.ActiveCfg = Release|x64
		{FD3FE1FF-ABE5-40DB-B867-144E9DD9B23C}.Release|x64.Build.0 = Release|x64
		{D28511E8-4687-434E-8C18-C23FE683AF2F}.Debug|Win32.ActiveCfg = Debug|Win32
		{D28511E8-4687-434E-8C18-C23FE683AF2F}.Debug|Win32.Build.0 = Debug|Win32
		{D28511E8-4687-434E-8C18-C23FE683AF2F}.Debug|x64.ActiveCfg = Debug|x64
		{D28511E8-4687-434E-8C18-C23FE683AF2F}.Debug|x64.Build.0 = Debug|x64
		{D28511E8-4687-434E-8C18-C23FE683AF2F}.Release|Win32.ActiveCfg = Release|Win32
		{D28511E8-4687-434E-8C18-C23FE683AF2F}.Release|Win32.Build.0 = Release|Win32
		{D28511E8-4687-434E-8C18-C23FE683AF2F}.Release|x64.ActiveCfg = Release|x64
		{D28511E8-4687-434E-8C18-C23FE683AF2F}.Release|x64.Build.0 = Release|x64
		{B25F40AC-A6B2-4C76-B527-8CBFCE605CFE}.Debug|Win32.ActiveCfg = Debug|Win32
		{B25F40AC-A6B2-4C76-B527-8CBFCE605CFE}.Debug|Win32.Build.0 = Debug|Win32
		{B25F40AC-A6B2-4C76-B527-8CBFCE605CFE}.Debug|x64.ActiveCfg = Debug|x64
		{B25F40AC-A6B2-4C76-B527-8CBFCE605CFE}.Debug|x64.Build.0 = Debug|x64
		{B25F40AC-A6B2-4C76-B527-8CBFCE605CFE}.Release|Win32.ActiveCfg = Release|Win32
		{B25F40AC-A6B2-4C76-B527-8CBFCE605CFE}.Release|Win32.Build.0 = Release|Win32
		{B25F40AC-A6B2-4C76-B527-8CBFCE605CFE}.Release|x64.ActiveCfg = Release|x64
		{B25F40AC-A6B2-4C76-B527-8CBFCE605CFE}.Release|x64.Build.0 = Release|x64
		{3FA68C2A-FEC2-41EF-AD7E-82A43F683EBC}.Debug|Win32.ActiveCfg = Debug|Win32
		{3FA68C2A-FEC2-41EF-AD7E-82A43F683EBC}.Debug|Win32.Build.0 = Debug|Win32
		{3FA68C2A-FEC2-41EF-AD7E-82A43F683EBC}.Debug|x64.ActiveCfg = Debug|x64
		{3FA68C2A-FEC2-41EF-AD7E-82A43F683EBC}.Debug|x64.Build.0 = Debug|x64
		{3FA68C2A-FEC2-41EF-AD7E-82A43F683EBC}.Release|Win32.ActiveCfg = Release|Win32
		{3FA68C2A-FEC2-41EF-AD7E-82A43F683EBC}.Release|Win32.Build.0 = Release|Win32
		{3FA68C2A-FEC2-41EF-AD7E-82A43F683EBC}.Release|x64.ActiveCfg = Release|x64
		{3FA68C2A-FEC2-41EF-AD7E-82A43F683EBC}.Release|x64.Build.0 = Release|x64
		{B970A73A-2B06-41AD-8870-266153E82D21}.Debug|Win32.ActiveCfg = Debug|Win32
		{B970A73A-2B06-41AD-8870-266153E82D21}.Debug|Win32.Build.0 = Debug|Win32
		{B970A73A-2B06-41AD-8870-266153E82D21}.Debug|x64.ActiveCfg = Debug|x64
		{B970A73A-2B06-41AD-8870-266153E82D21}.Debug|x64.Build.0 = Debug|x64
		{B970A73A-2B06-41AD-8870-266153E82D21}.Release|Win32.ActiveCfg = Release|Win32
		{B970A73A-2B06-41AD-8870-266153E82D21}.Release|Win32.Build.0 = Release|Win32
		{B970A73A-2B06-41AD-8870-266153E82D21}.Release|x64.ActiveCfg = Release|x64
		{B970A73A-2B06-41AD-8870-266153E82D21}.Release|x64.Build.0 = Release|x64
		{849196DF-ED2A-4AB0-8EFE-1A7320127363}.Debug|Win32.ActiveCfg = Debug|x64
		{849196DF-ED2A-4AB0-8EFE-1A7320127363}.Debug|x64.ActiveCfg = Debug|x64
		{849196DF-ED2A-4AB0-8EFE-1A7320127363}.Debug|x64.Build.0 = Debug|x64
		{849196DF-ED2A-4AB0-8EFE-1A7320127363}.Release|Win32.ActiveCfg = Release|x64
		{849196DF-ED2A-4AB0-8EFE-1A7320127363}.Release|x64.ActiveCfg = Release|x64
		{849196DF-ED2A-4AB0-8EFE-1A7320127363}.Release|x64.Build.0 = Release|x64
		{75538242-3D88-4ADC-92C1-AD5B1FDC07DC}.Debug|Win32.ActiveCfg = Debug|Win32
		{75538242-3D88-4ADC-92C1-AD5B1FDC07DC}.Debug|Win32.Build.0 = Debug|Win32
		{75538242-3D88-4ADC-92C1-AD5B1FDC07DC}.Debug|x64.ActiveCfg = Debug|x64
		{75538242-3D88-4ADC-92C1-AD5B1FDC07DC}.Debug|x64.Build.0 = Debug|x64
		{75538242-3D88-4ADC-92C1-AD5B1FDC07DC}.Release|Win32.ActiveCfg = Release|Win32
		{75538242-3D88-4ADC-92C1-AD5B1FDC07DC}.Release|Win32.Build.0 = Release|Win32
		{75538242-3D88-4ADC-92C1-AD5B1FDC07DC}.Release|x64.ActiveCfg = Release|x64
		{75538242-3D88-4ADC-92C1-AD5B1FDC07DC}.Release|x64.Build.0 = Release|x64
		{E392E1C7-4846-423D-8FB5-6F2D790B62CB}.Debug|Win32.ActiveCfg = Debug|Win32
		{E392E1C7-4846-423D-8FB5-6F2D790B62CB}.Debug|Win32.Build.0 = Debug|Win32
		{E392E1C7-4846-423D-8FB5-6F2D790B62CB}.Debug|x64.ActiveCfg = Debug|x64
		{E392E1C7-4846-423D-8FB5-6F2D790B62CB}.Debug|x64.Build.0 = Debug|x64
		{E392E1C7-4846-423D-8FB5-6F2D790B62CB}.Release|Win32.ActiveCfg = Release|Win32
		{E392E1C7-4846-423D-8FB5-6F2D790B62CB}.Release|Win32.Build.0 = Release|Win32
		{E392E1C7-4846-423D-8FB5-6F2D790B62CB}.Release|x64.ActiveCfg = Release|x64
		{E392E1C7-4846-423D-8FB5-6F2D790B62CB}.Release|x64.Build.0 = Release|x64
	EndGlobalSection
	GlobalSection(SolutionProperties) = preSolution
		HideSolutionNode = FALSE
	EndGlobalSection
	GlobalSection(NestedProjects) = preSolution
		{11990C37-1C63-418F-9AB1-74076C470584} = {AAD53A7B-FD50-4BD1-AD91-DA5B31BD928A}
		{0945D37C-F1F1-4B88-B738-85816E37D9AF} = {F9C7A539-67B2-4AD9-977B-1A524E1EBB71}
		{6F1F478F-29EE-46F0-8AB1-75E5B77CA021} = {F9C7A539-67B2-4AD9-977B-1A524E1EBB71}
		{02D2E77E-C1D5-44E0-84E7-1AC84188DDD1} = {F9C7A539-67B2-4AD9-977B-1A524E1EBB71}
		{3663D849-3893-4D6E-8714-86C23946E448} = {F9C7A539-67B2-4AD9-977B-1A524E1EBB71}
		{FD3FE1FF-ABE5-40DB-B867-144E9DD9B23C} = {F9C7A539-67B2-4AD9-977B-1A524E1EBB71}
		{D28511E8-4687-434E-8C18-C23FE683AF2F} = {9690B35A-E676-4F27-A6DB-27F20F55E855}
		{B25F40AC-A6B2-4C76-B527-8CBFCE605CFE} = {9690B35A-E676-4F27-A6DB-27F20F55E855}
		{3FA68C2A-FEC2-41EF-AD7E-82A43F683EBC} = {9690B35A-E676-4F27-A6DB-27F20F55E855}
		{B970A73A-2B06-41AD-8870-266153E82D21} = {9690B35A-E676-4F27-A6DB-27F20F55E855}
		{849196DF-ED2A-4AB0-8EFE-1A7320127363} = {F9C7A539-67B2-4AD9-977B-1A524E1EBB71}
		{75538242-3D88-4ADC-92C1-AD5B1FDC07DC} = {9690B35A-E676-4F27-A6DB-27F20F55E855}
		{E392E1C7-4846-423D-8FB5-6F2D790B62CB} = {9690B35A-E676-4F27-A6DB-27F20F55E855}
	EndGlobalSection
	GlobalSection(ExtensibilityGlobals) = postSolution
		SolutionGuid = {AD5D498C-17E2-4E12-92D6-2AFE96005329}
	EndGlobalSection
EndGlobal
