
Microsoft Visual Studio Solution File, Format Version 12.00
# Visual Studio Version 16
VisualStudioVersion = 16.0.29806.167
MinimumVisualStudioVersion = 10.0.40219.1
Project("{8BC9CEB8-8B4A-11D0-8D11-00A0C91BC942}") = "MeshUtils", "MeshUtils.vcxproj", "{FD3FE1FF-ABE5-40DB-B867-144E9DD9B23C}"
EndProject
Project("{8BC9CEB8-8B4A-11D0-8D11-00A0C91BC942}") = "setup", "setup.vcxproj", "{1C5DE91B-7AE9-4304-9FA1-0DE1ABA8C02D}"
EndProject
Project("{8BC9CEB8-8B4A-11D0-8D11-00A0C91BC942}") = "mqsdk", "mqsdk.vcxproj", "{D28511E8-4687-434E-8C18-C23FE683AF2F}"
EndProject
Project("{8BC9CEB8-8B4A-11D0-8D11-00A0C91BC942}") = "mqusdRecorder", "mqusdRecorder.vcxproj", "{66397903-6FF2-46C6-B51E-B323FD248FAD}"
EndProject
Project("{8BC9CEB8-8B4A-11D0-8D11-00A0C91BC942}") = "mqusdPlayer", "mqusdPlayer.vcxproj", "{E4C06BCF-1349-494F-82BA-4CF54C84B0DF}"
EndProject
Project("{2150E333-8FDC-42A3-9474-1A3956D46DE8}") = "Test", "Test", "{AAD53A7B-FD50-4BD1-AD91-DA5B31BD928A}"
EndProject
Project("{8BC9CEB8-8B4A-11D0-8D11-00A0C91BC942}") = "Test", "Test\Test.vcxproj", "{11990C37-1C63-418F-9AB1-74076C470584}"
EndProject
Project("{8BC9CEB8-8B4A-11D0-8D11-00A0C91BC942}") = "mqusdCore", "mqusdCore.vcxproj", "{1268FD59-3699-4E3A-9D67-A0A6A213B8FA}"
EndProject
Global
	GlobalSection(SolutionConfigurationPlatforms) = preSolution
		Debug|x64 = Debug|x64
		Debug|x86 = Debug|x86
		Release|x64 = Release|x64
		Release|x86 = Release|x86
	EndGlobalSection
	GlobalSection(ProjectConfigurationPlatforms) = postSolution
		{FD3FE1FF-ABE5-40DB-B867-144E9DD9B23C}.Debug|x64.ActiveCfg = Debug|x64
		{FD3FE1FF-ABE5-40DB-B867-144E9DD9B23C}.Debug|x64.Build.0 = Debug|x64
		{FD3FE1FF-ABE5-40DB-B867-144E9DD9B23C}.Debug|x86.ActiveCfg = Debug|Win32
		{FD3FE1FF-ABE5-40DB-B867-144E9DD9B23C}.Debug|x86.Build.0 = Debug|Win32
		{FD3FE1FF-ABE5-40DB-B867-144E9DD9B23C}.Release|x64.ActiveCfg = Release|x64
		{FD3FE1FF-ABE5-40DB-B867-144E9DD9B23C}.Release|x64.Build.0 = Release|x64
		{FD3FE1FF-ABE5-40DB-B867-144E9DD9B23C}.Release|x86.ActiveCfg = Release|Win32
		{FD3FE1FF-ABE5-40DB-B867-144E9DD9B23C}.Release|x86.Build.0 = Release|Win32
		{1C5DE91B-7AE9-4304-9FA1-0DE1ABA8C02D}.Debug|x64.ActiveCfg = Release|x64
		{1C5DE91B-7AE9-4304-9FA1-0DE1ABA8C02D}.Debug|x64.Build.0 = Release|x64
		{1C5DE91B-7AE9-4304-9FA1-0DE1ABA8C02D}.Debug|x64.Deploy.0 = Release|x64
		{1C5DE91B-7AE9-4304-9FA1-0DE1ABA8C02D}.Debug|x86.ActiveCfg = Release|x64
		{1C5DE91B-7AE9-4304-9FA1-0DE1ABA8C02D}.Debug|x86.Build.0 = Release|x64
		{1C5DE91B-7AE9-4304-9FA1-0DE1ABA8C02D}.Debug|x86.Deploy.0 = Release|x64
		{1C5DE91B-7AE9-4304-9FA1-0DE1ABA8C02D}.Release|x64.ActiveCfg = Release|x64
		{1C5DE91B-7AE9-4304-9FA1-0DE1ABA8C02D}.Release|x64.Build.0 = Release|x64
		{1C5DE91B-7AE9-4304-9FA1-0DE1ABA8C02D}.Release|x86.ActiveCfg = Release|x64
		{D28511E8-4687-434E-8C18-C23FE683AF2F}.Debug|x64.ActiveCfg = Debug|x64
		{D28511E8-4687-434E-8C18-C23FE683AF2F}.Debug|x64.Build.0 = Debug|x64
		{D28511E8-4687-434E-8C18-C23FE683AF2F}.Debug|x86.ActiveCfg = Debug|Win32
		{D28511E8-4687-434E-8C18-C23FE683AF2F}.Debug|x86.Build.0 = Debug|Win32
		{D28511E8-4687-434E-8C18-C23FE683AF2F}.Release|x64.ActiveCfg = Release|x64
		{D28511E8-4687-434E-8C18-C23FE683AF2F}.Release|x64.Build.0 = Release|x64
		{D28511E8-4687-434E-8C18-C23FE683AF2F}.Release|x86.ActiveCfg = Release|Win32
		{D28511E8-4687-434E-8C18-C23FE683AF2F}.Release|x86.Build.0 = Release|Win32
		{66397903-6FF2-46C6-B51E-B323FD248FAD}.Debug|x64.ActiveCfg = Debug|x64
		{66397903-6FF2-46C6-B51E-B323FD248FAD}.Debug|x64.Build.0 = Debug|x64
		{66397903-6FF2-46C6-B51E-B323FD248FAD}.Debug|x86.ActiveCfg = Debug|Win32
		{66397903-6FF2-46C6-B51E-B323FD248FAD}.Debug|x86.Build.0 = Debug|Win32
		{66397903-6FF2-46C6-B51E-B323FD248FAD}.Release|x64.ActiveCfg = Release|x64
		{66397903-6FF2-46C6-B51E-B323FD248FAD}.Release|x64.Build.0 = Release|x64
		{66397903-6FF2-46C6-B51E-B323FD248FAD}.Release|x86.ActiveCfg = Release|Win32
		{66397903-6FF2-46C6-B51E-B323FD248FAD}.Release|x86.Build.0 = Release|Win32
		{E4C06BCF-1349-494F-82BA-4CF54C84B0DF}.Debug|x64.ActiveCfg = Debug|x64
		{E4C06BCF-1349-494F-82BA-4CF54C84B0DF}.Debug|x64.Build.0 = Debug|x64
		{E4C06BCF-1349-494F-82BA-4CF54C84B0DF}.Debug|x86.ActiveCfg = Debug|Win32
		{E4C06BCF-1349-494F-82BA-4CF54C84B0DF}.Debug|x86.Build.0 = Debug|Win32
		{E4C06BCF-1349-494F-82BA-4CF54C84B0DF}.Release|x64.ActiveCfg = Release|x64
		{E4C06BCF-1349-494F-82BA-4CF54C84B0DF}.Release|x64.Build.0 = Release|x64
		{E4C06BCF-1349-494F-82BA-4CF54C84B0DF}.Release|x86.ActiveCfg = Release|Win32
		{E4C06BCF-1349-494F-82BA-4CF54C84B0DF}.Release|x86.Build.0 = Release|Win32
		{11990C37-1C63-418F-9AB1-74076C470584}.Debug|x64.ActiveCfg = Debug|x64
		{11990C37-1C63-418F-9AB1-74076C470584}.Debug|x64.Build.0 = Debug|x64
		{11990C37-1C63-418F-9AB1-74076C470584}.Debug|x86.ActiveCfg = Debug|x64
		{11990C37-1C63-418F-9AB1-74076C470584}.Release|x64.ActiveCfg = Release|x64
		{11990C37-1C63-418F-9AB1-74076C470584}.Release|x64.Build.0 = Release|x64
		{11990C37-1C63-418F-9AB1-74076C470584}.Release|x86.ActiveCfg = Release|x64
		{1268FD59-3699-4E3A-9D67-A0A6A213B8FA}.Debug|x64.ActiveCfg = Debug|x64
		{1268FD59-3699-4E3A-9D67-A0A6A213B8FA}.Debug|x64.Build.0 = Debug|x64
		{1268FD59-3699-4E3A-9D67-A0A6A213B8FA}.Debug|x86.ActiveCfg = Debug|Win32
		{1268FD59-3699-4E3A-9D67-A0A6A213B8FA}.Debug|x86.Build.0 = Debug|Win32
		{1268FD59-3699-4E3A-9D67-A0A6A213B8FA}.Release|x64.ActiveCfg = Release|x64
		{1268FD59-3699-4E3A-9D67-A0A6A213B8FA}.Release|x64.Build.0 = Release|x64
		{1268FD59-3699-4E3A-9D67-A0A6A213B8FA}.Release|x86.ActiveCfg = Release|Win32
		{1268FD59-3699-4E3A-9D67-A0A6A213B8FA}.Release|x86.Build.0 = Release|Win32
	EndGlobalSection
	GlobalSection(SolutionProperties) = preSolution
		HideSolutionNode = FALSE
	EndGlobalSection
	GlobalSection(NestedProjects) = preSolution
		{11990C37-1C63-418F-9AB1-74076C470584} = {AAD53A7B-FD50-4BD1-AD91-DA5B31BD928A}
	EndGlobalSection
	GlobalSection(ExtensibilityGlobals) = postSolution
		SolutionGuid = {AD5D498C-17E2-4E12-92D6-2AFE96005329}
	EndGlobalSection
EndGlobal
